// !$*UTF8*$!
{
	archiveVersion = 1;
	classes = {
	};
	objectVersion = 56;
	objects = {

/* Begin PBXFileReference section */
		7715B26529894323009DB13D /* 02_Enum.playground */ = {isa = PBXFileReference; lastKnownFileType = file.playground; path = 02_Enum.playground; sourceTree = "<group>"; xcLanguageSpecificationIdentifier = xcode.lang.swift; };
		7715B266298BEF24009DB13D /* 03_UnionType.playground */ = {isa = PBXFileReference; lastKnownFileType = file.playground; path = 03_UnionType.playground; sourceTree = "<group>"; xcLanguageSpecificationIdentifier = xcode.lang.swift; };
		7715B26929A4FCA5009DB13D /* 01_OuntlineClass.playground */ = {isa = PBXFileReference; lastKnownFileType = file.playground; path = 01_OuntlineClass.playground; sourceTree = "<group>"; xcLanguageSpecificationIdentifier = xcode.lang.swift; };
		771F82E5292525EA007AEDC2 /* 02_ControlSyntax.playground */ = {isa = PBXFileReference; lastKnownFileType = file.playground; path = 02_ControlSyntax.playground; sourceTree = "<group>"; xcLanguageSpecificationIdentifier = xcode.lang.swift; };
		772F218229421F88005355FB /* 03_Property.playground */ = {isa = PBXFileReference; lastKnownFileType = file.playground; path = 03_Property.playground; sourceTree = "<group>"; xcLanguageSpecificationIdentifier = xcode.lang.swift; };
		772F817B2A7F76BD00A368FA /* 04_ClosuresAndStatements.playground */ = {isa = PBXFileReference; lastKnownFileType = file.playground; path = 04_ClosuresAndStatements.playground; sourceTree = "<group>"; xcLanguageSpecificationIdentifier = xcode.lang.swift; };
		772F817C2A7FA8AC00A368FA /* 05_ClosureApplication.playground */ = {isa = PBXFileReference; lastKnownFileType = file.playground; path = 05_ClosureApplication.playground; sourceTree = "<group>"; xcLanguageSpecificationIdentifier = xcode.lang.swift; };
		7737E52C292CF5F4008E53EE /* 03_fortune.swift */ = {isa = PBXFileReference; lastKnownFileType = sourcecode.swift; path = 03_fortune.swift; sourceTree = "<group>"; };
		7737E52E292CFED4008E53EE /* Rand.swift */ = {isa = PBXFileReference; lastKnownFileType = sourcecode.swift; path = Rand.swift; sourceTree = "<group>"; };
		7737E52F292D002B008E53EE /* Analyzer.swift */ = {isa = PBXFileReference; lastKnownFileType = sourcecode.swift; path = Analyzer.swift; sourceTree = "<group>"; };
		7737E530292D0200008E53EE /* main.swift */ = {isa = PBXFileReference; lastKnownFileType = sourcecode.swift; path = main.swift; sourceTree = "<group>"; };
		773CAA8429339F9F000855F0 /* 03_OverLoad.playground */ = {isa = PBXFileReference; lastKnownFileType = file.playground; path = 03_OverLoad.playground; sourceTree = "<group>"; xcLanguageSpecificationIdentifier = xcode.lang.swift; };
		7760FBAE2A485AFA001F76A8 /* 02_Capture.playground */ = {isa = PBXFileReference; lastKnownFileType = file.playground; path = 02_Capture.playground; sourceTree = "<group>"; xcLanguageSpecificationIdentifier = xcode.lang.swift; };
		7760FBAF2A59777A001F76A8 /* 03_UsageAndNotation.playground */ = {isa = PBXFileReference; lastKnownFileType = file.playground; path = 03_UsageAndNotation.playground; sourceTree = "<group>"; xcLanguageSpecificationIdentifier = xcode.lang.swift; };
		776689972965BEB40009D45E /* 03_IUO.playground */ = {isa = PBXFileReference; lastKnownFileType = file.playground; path = 03_IUO.playground; sourceTree = "<group>"; xcLanguageSpecificationIdentifier = xcode.lang.swift; };
		7767583A29E59A7B00F77BEC /* 03_InitializersAndSubClasses.playground */ = {isa = PBXFileReference; lastKnownFileType = file.playground; path = 03_InitializersAndSubClasses.playground; sourceTree = "<group>"; xcLanguageSpecificationIdentifier = xcode.lang.swift; };
		7783C4D8291FC948006A3B4B /* 01_DataTypeAndVariable.playground */ = {isa = PBXFileReference; lastKnownFileType = file.playground; path = 01_DataTypeAndVariable.playground; sourceTree = "<group>"; xcLanguageSpecificationIdentifier = xcode.lang.swift; };
		7784C357292FA7FC00ADEA8B /* 01_BasicFunction.playground */ = {isa = PBXFileReference; lastKnownFileType = file.playground; path = 01_BasicFunction.playground; sourceTree = "<group>"; xcLanguageSpecificationIdentifier = xcode.lang.swift; };
		7786651C296ADFE8005E0236 /* 04_FailableInitializer.playground */ = {isa = PBXFileReference; lastKnownFileType = file.playground; path = 04_FailableInitializer.playground; sourceTree = "<group>"; xcLanguageSpecificationIdentifier = xcode.lang.swift; };
		7786651F296AFA35005E0236 /* 01_WhatIsProtocol.playground */ = {isa = PBXFileReference; lastKnownFileType = file.playground; path = 01_WhatIsProtocol.playground; sourceTree = "<group>"; xcLanguageSpecificationIdentifier = xcode.lang.swift; };
		7786652729739E4F005E0236 /* 02_Declare.playground */ = {isa = PBXFileReference; lastKnownFileType = file.playground; path = 02_Declare.playground; sourceTree = "<group>"; xcLanguageSpecificationIdentifier = xcode.lang.swift; };
		77866528297965C4005E0236 /* 03_AssociatedType.playground */ = {isa = PBXFileReference; lastKnownFileType = file.playground; path = 03_AssociatedType.playground; sourceTree = "<group>"; xcLanguageSpecificationIdentifier = xcode.lang.swift; };
		77866529297BDC87005E0236 /* 04_Tipical.playground */ = {isa = PBXFileReference; lastKnownFileType = file.playground; path = 04_Tipical.playground; sourceTree = "<group>"; xcLanguageSpecificationIdentifier = xcode.lang.swift; };
		7786652B297BE640005E0236 /* 01_RangeAndStride.playground */ = {isa = PBXFileReference; lastKnownFileType = file.playground; path = 01_RangeAndStride.playground; sourceTree = "<group>"; xcLanguageSpecificationIdentifier = xcode.lang.swift; };
		7786652C297C235C005E0236 /* 02_Array.playground */ = {isa = PBXFileReference; lastKnownFileType = file.playground; path = 02_Array.playground; sourceTree = "<group>"; xcLanguageSpecificationIdentifier = xcode.lang.swift; };
		7786652D297D75BB005E0236 /* 03_StringAndCharacter.playground */ = {isa = PBXFileReference; lastKnownFileType = file.playground; path = 03_StringAndCharacter.playground; sourceTree = "<group>"; xcLanguageSpecificationIdentifier = xcode.lang.swift; };
		7786652E298011DE005E0236 /* 04_Dictionary.playground */ = {isa = PBXFileReference; lastKnownFileType = file.playground; path = 04_Dictionary.playground; sourceTree = "<group>"; xcLanguageSpecificationIdentifier = xcode.lang.swift; };
		778665302987F87D005E0236 /* 01_tupleSwitch.playground */ = {isa = PBXFileReference; lastKnownFileType = file.playground; path = 01_tupleSwitch.playground; sourceTree = "<group>"; xcLanguageSpecificationIdentifier = xcode.lang.swift; };
		77872DB32930FBAA006292A1 /* 02_VariousSetForFunc.playground */ = {isa = PBXFileReference; lastKnownFileType = file.playground; path = 02_VariousSetForFunc.playground; sourceTree = "<group>"; xcLanguageSpecificationIdentifier = xcode.lang.swift; };
		778C1C002934C9300004AE28 /* 04_Tuple.playground */ = {isa = PBXFileReference; lastKnownFileType = file.playground; path = 04_Tuple.playground; sourceTree = "<group>"; xcLanguageSpecificationIdentifier = xcode.lang.swift; };
		779340BA29532F3A00B14353 /* 04_Subscript.playground */ = {isa = PBXFileReference; lastKnownFileType = file.playground; path = 04_Subscript.playground; sourceTree = "<group>"; xcLanguageSpecificationIdentifier = xcode.lang.swift; };
		779F275329548EFD00DF51A3 /* 01_Optional.playground */ = {isa = PBXFileReference; lastKnownFileType = file.playground; path = 01_Optional.playground; sourceTree = "<group>"; xcLanguageSpecificationIdentifier = xcode.lang.swift; };
		779F27542958670800DF51A3 /* 02_OptionalBinding.playground */ = {isa = PBXFileReference; lastKnownFileType = file.playground; path = 02_OptionalBinding.playground; sourceTree = "<group>"; xcLanguageSpecificationIdentifier = xcode.lang.swift; };
		77A8F7072A3492A8002C1EAC /* 02_ExtAndProc.playground */ = {isa = PBXFileReference; lastKnownFileType = file.playground; path = 02_ExtAndProc.playground; sourceTree = "<group>"; xcLanguageSpecificationIdentifier = xcode.lang.swift; };
		77A8F7092A3CA617002C1EAC /* 01_ClosureDeclaration.playground */ = {isa = PBXFileReference; lastKnownFileType = file.playground; path = 01_ClosureDeclaration.playground; sourceTree = "<group>"; xcLanguageSpecificationIdentifier = xcode.lang.swift; };
		77B6C4EA2940AB98000201CE /* 02_Method.playground */ = {isa = PBXFileReference; lastKnownFileType = file.playground; path = 02_Method.playground; sourceTree = "<group>"; xcLanguageSpecificationIdentifier = xcode.lang.swift; };
		77C1B78A2936404700097EC2 /* 01_StructureDefinition.playground */ = {isa = PBXFileReference; lastKnownFileType = file.playground; path = 01_StructureDefinition.playground; sourceTree = "<group>"; xcLanguageSpecificationIdentifier = xcode.lang.swift; };
		77E6166529EC33A0009FED50 /* 04_ClassAndType.playground */ = {isa = PBXFileReference; lastKnownFileType = file.playground; path = 04_ClassAndType.playground; sourceTree = "<group>"; xcLanguageSpecificationIdentifier = xcode.lang.swift; };
		77EE5B0D2A03C39B00B96158 /* 01_ReferenceTypeData.playground */ = {isa = PBXFileReference; lastKnownFileType = file.playground; path = 01_ReferenceTypeData.playground; sourceTree = "<group>"; xcLanguageSpecificationIdentifier = xcode.lang.swift; };
		77EE5B0E2A03EA3600B96158 /* 02_StrongReferenceCycle.playground */ = {isa = PBXFileReference; lastKnownFileType = file.playground; path = 02_StrongReferenceCycle.playground; sourceTree = "<group>"; xcLanguageSpecificationIdentifier = xcode.lang.swift; };
		77EE5B0F2A092E2900B96158 /* 03_OptionalChain.playground */ = {isa = PBXFileReference; lastKnownFileType = file.playground; path = 03_OptionalChain.playground; sourceTree = "<group>"; xcLanguageSpecificationIdentifier = xcode.lang.swift; };
		77EE5B102A126F4100B96158 /* 04_KeyPass.playground */ = {isa = PBXFileReference; lastKnownFileType = file.playground; path = 04_KeyPass.playground; sourceTree = "<group>"; xcLanguageSpecificationIdentifier = xcode.lang.swift; };
		77EE5B122A18FDB300B96158 /* 01_ExtentionDeclatation.playground */ = {isa = PBXFileReference; lastKnownFileType = file.playground; path = 01_ExtentionDeclatation.playground; sourceTree = "<group>"; xcLanguageSpecificationIdentifier = xcode.lang.swift; };
		77F52DAB29DAFC0100CEDFE6 /* 02_Initializer.playground */ = {isa = PBXFileReference; lastKnownFileType = file.playground; path = 02_Initializer.playground; sourceTree = "<group>"; xcLanguageSpecificationIdentifier = xcode.lang.swift; };
/* End PBXFileReference section */

/* Begin PBXGroup section */
		7715B26829A4F08E009DB13D /* 08_ClassAndExtend */ = {
			isa = PBXGroup;
			children = (
				7715B26929A4FCA5009DB13D /* 01_OuntlineClass.playground */,
				77F52DAB29DAFC0100CEDFE6 /* 02_Initializer.playground */,
				7767583A29E59A7B00F77BEC /* 03_InitializersAndSubClasses.playground */,
				77E6166529EC33A0009FED50 /* 04_ClassAndType.playground */,
			);
			path = 08_ClassAndExtend;
			sourceTree = "<group>";
		};
		7737E52D292CFD10008E53EE /* 03_easyWayToDoIt */ = {
			isa = PBXGroup;
			children = (
				7737E52C292CF5F4008E53EE /* 03_fortune.swift */,
				7737E52E292CFED4008E53EE /* Rand.swift */,
				7737E52F292D002B008E53EE /* Analyzer.swift */,
				7737E530292D0200008E53EE /* main.swift */,
			);
			path = 03_easyWayToDoIt;
			sourceTree = "<group>";
		};
		7783C4D0291FC8B7006A3B4B = {
			isa = PBXGroup;
			children = (
				7783C4D7291FC8CF006A3B4B /* 01_ProgrammingWithSwift */,
				7784C356292FA60500ADEA8B /* 02_Function */,
				77C1B78929363F8300097EC2 /* 03_Structure */,
				779F275229548E3B00DF51A3 /* 04_TypeOptional */,
				7786651D296AF5CD005E0236 /* 05_Protocol */,
				7786652A297BE5DA005E0236 /* 06_BasicDataType */,
				7786652F2987F811005E0236 /* 07_Pattern */,
				7715B26829A4F08E009DB13D /* 08_ClassAndExtend */,
				77EE5B0C2A03C33D00B96158 /* 09_MemoryManagement */,
				77EE5B112A18FD2100B96158 /* 10_Extention */,
				77A8F7082A3CA495002C1EAC /* 12_Closure */,
			);
			sourceTree = "<group>";
		};
		7783C4D7291FC8CF006A3B4B /* 01_ProgrammingWithSwift */ = {
			isa = PBXGroup;
			children = (
				7783C4D8291FC948006A3B4B /* 01_DataTypeAndVariable.playground */,
				771F82E5292525EA007AEDC2 /* 02_ControlSyntax.playground */,
				7737E52D292CFD10008E53EE /* 03_easyWayToDoIt */,
			);
			path = 01_ProgrammingWithSwift;
			sourceTree = "<group>";
		};
		7784C356292FA60500ADEA8B /* 02_Function */ = {
			isa = PBXGroup;
			children = (
				7784C357292FA7FC00ADEA8B /* 01_BasicFunction.playground */,
				77872DB32930FBAA006292A1 /* 02_VariousSetForFunc.playground */,
				773CAA8429339F9F000855F0 /* 03_OverLoad.playground */,
				778C1C002934C9300004AE28 /* 04_Tuple.playground */,
			);
			path = 02_Function;
			sourceTree = "<group>";
		};
		7786651D296AF5CD005E0236 /* 05_Protocol */ = {
			isa = PBXGroup;
			children = (
				7786651F296AFA35005E0236 /* 01_WhatIsProtocol.playground */,
				7786652729739E4F005E0236 /* 02_Declare.playground */,
				77866528297965C4005E0236 /* 03_AssociatedType.playground */,
				77866529297BDC87005E0236 /* 04_Tipical.playground */,
			);
			path = 05_Protocol;
			sourceTree = "<group>";
		};
		7786652A297BE5DA005E0236 /* 06_BasicDataType */ = {
			isa = PBXGroup;
			children = (
				7786652B297BE640005E0236 /* 01_RangeAndStride.playground */,
				7786652C297C235C005E0236 /* 02_Array.playground */,
				7786652D297D75BB005E0236 /* 03_StringAndCharacter.playground */,
				7786652E298011DE005E0236 /* 04_Dictionary.playground */,
			);
			path = 06_BasicDataType;
			sourceTree = "<group>";
		};
		7786652F2987F811005E0236 /* 07_Pattern */ = {
			isa = PBXGroup;
			children = (
				778665302987F87D005E0236 /* 01_tupleSwitch.playground */,
				7715B26529894323009DB13D /* 02_Enum.playground */,
				7715B266298BEF24009DB13D /* 03_UnionType.playground */,
			);
			path = 07_Pattern;
			sourceTree = "<group>";
		};
		779F275229548E3B00DF51A3 /* 04_TypeOptional */ = {
			isa = PBXGroup;
			children = (
				779F275329548EFD00DF51A3 /* 01_Optional.playground */,
				779F27542958670800DF51A3 /* 02_OptionalBinding.playground */,
				776689972965BEB40009D45E /* 03_IUO.playground */,
				7786651C296ADFE8005E0236 /* 04_FailableInitializer.playground */,
			);
			path = 04_TypeOptional;
			sourceTree = "<group>";
		};
		77A8F7082A3CA495002C1EAC /* 12_Closure */ = {
			isa = PBXGroup;
			children = (
				77A8F7092A3CA617002C1EAC /* 01_ClosureDeclaration.playground */,
				7760FBAE2A485AFA001F76A8 /* 02_Capture.playground */,
				7760FBAF2A59777A001F76A8 /* 03_UsageAndNotation.playground */,
				772F817B2A7F76BD00A368FA /* 04_ClosuresAndStatements.playground */,
				772F817C2A7FA8AC00A368FA /* 05_ClosureApplication.playground */,
			);
			path = 12_Closure;
			sourceTree = "<group>";
		};
		77C1B78929363F8300097EC2 /* 03_Structure */ = {
			isa = PBXGroup;
			children = (
				77C1B78A2936404700097EC2 /* 01_StructureDefinition.playground */,
				77B6C4EA2940AB98000201CE /* 02_Method.playground */,
				772F218229421F88005355FB /* 03_Property.playground */,
				779340BA29532F3A00B14353 /* 04_Subscript.playground */,
			);
			path = 03_Structure;
			sourceTree = "<group>";
		};
		77EE5B0C2A03C33D00B96158 /* 09_MemoryManagement */ = {
			isa = PBXGroup;
			children = (
				77EE5B0D2A03C39B00B96158 /* 01_ReferenceTypeData.playground */,
				77EE5B0E2A03EA3600B96158 /* 02_StrongReferenceCycle.playground */,
				77EE5B0F2A092E2900B96158 /* 03_OptionalChain.playground */,
				77EE5B102A126F4100B96158 /* 04_KeyPass.playground */,
			);
			path = 09_MemoryManagement;
			sourceTree = "<group>";
		};
		77EE5B112A18FD2100B96158 /* 10_Extention */ = {
			isa = PBXGroup;
			children = (
				77EE5B122A18FDB300B96158 /* 01_ExtentionDeclatation.playground */,
				77A8F7072A3492A8002C1EAC /* 02_ExtAndProc.playground */,
			);
			path = 10_Extention;
			sourceTree = "<group>";
		};
/* End PBXGroup section */

/* Begin PBXProject section */
		7783C4D1291FC8B7006A3B4B /* Project object */ = {
			isa = PBXProject;
			attributes = {
				BuildIndependentTargetsInParallel = 1;
				LastUpgradeCheck = 1420;
			};
			buildConfigurationList = 7783C4D4291FC8B7006A3B4B /* Build configuration list for PBXProject "SwiftStudy" */;
			compatibilityVersion = "Xcode 14.0";
			developmentRegion = en;
			hasScannedForEncodings = 0;
			knownRegions = (
				en,
				Base,
			);
			mainGroup = 7783C4D0291FC8B7006A3B4B;
			projectDirPath = "";
			projectRoot = "";
			targets = (
			);
		};
/* End PBXProject section */

/* Begin XCBuildConfiguration section */
		7783C4D5291FC8B8006A3B4B /* Debug */ = {
			isa = XCBuildConfiguration;
			buildSettings = {
				CLANG_WARN_BLOCK_CAPTURE_AUTORELEASING = YES;
				CLANG_WARN_BOOL_CONVERSION = YES;
				CLANG_WARN_COMMA = YES;
				CLANG_WARN_CONSTANT_CONVERSION = YES;
				CLANG_WARN_DEPRECATED_OBJC_IMPLEMENTATIONS = YES;
				CLANG_WARN_EMPTY_BODY = YES;
				CLANG_WARN_ENUM_CONVERSION = YES;
				CLANG_WARN_INFINITE_RECURSION = YES;
				CLANG_WARN_INT_CONVERSION = YES;
				CLANG_WARN_NON_LITERAL_NULL_CONVERSION = YES;
				CLANG_WARN_OBJC_IMPLICIT_RETAIN_SELF = YES;
				CLANG_WARN_OBJC_LITERAL_CONVERSION = YES;
				CLANG_WARN_QUOTED_INCLUDE_IN_FRAMEWORK_HEADER = YES;
				CLANG_WARN_RANGE_LOOP_ANALYSIS = YES;
				CLANG_WARN_STRICT_PROTOTYPES = YES;
				CLANG_WARN_SUSPICIOUS_MOVE = YES;
				CLANG_WARN_UNREACHABLE_CODE = YES;
				CLANG_WARN__DUPLICATE_METHOD_MATCH = YES;
				DEAD_CODE_STRIPPING = YES;
				ENABLE_STRICT_OBJC_MSGSEND = YES;
				ENABLE_TESTABILITY = YES;
				GCC_NO_COMMON_BLOCKS = YES;
				GCC_WARN_64_TO_32_BIT_CONVERSION = YES;
				GCC_WARN_ABOUT_RETURN_TYPE = YES;
				GCC_WARN_UNDECLARED_SELECTOR = YES;
				GCC_WARN_UNINITIALIZED_AUTOS = YES;
				GCC_WARN_UNUSED_FUNCTION = YES;
				GCC_WARN_UNUSED_VARIABLE = YES;
				ONLY_ACTIVE_ARCH = YES;
			};
			name = Debug;
		};
		7783C4D6291FC8B8006A3B4B /* Release */ = {
			isa = XCBuildConfiguration;
			buildSettings = {
				CLANG_WARN_BLOCK_CAPTURE_AUTORELEASING = YES;
				CLANG_WARN_BOOL_CONVERSION = YES;
				CLANG_WARN_COMMA = YES;
				CLANG_WARN_CONSTANT_CONVERSION = YES;
				CLANG_WARN_DEPRECATED_OBJC_IMPLEMENTATIONS = YES;
				CLANG_WARN_EMPTY_BODY = YES;
				CLANG_WARN_ENUM_CONVERSION = YES;
				CLANG_WARN_INFINITE_RECURSION = YES;
				CLANG_WARN_INT_CONVERSION = YES;
				CLANG_WARN_NON_LITERAL_NULL_CONVERSION = YES;
				CLANG_WARN_OBJC_IMPLICIT_RETAIN_SELF = YES;
				CLANG_WARN_OBJC_LITERAL_CONVERSION = YES;
				CLANG_WARN_QUOTED_INCLUDE_IN_FRAMEWORK_HEADER = YES;
				CLANG_WARN_RANGE_LOOP_ANALYSIS = YES;
				CLANG_WARN_STRICT_PROTOTYPES = YES;
				CLANG_WARN_SUSPICIOUS_MOVE = YES;
				CLANG_WARN_UNREACHABLE_CODE = YES;
				CLANG_WARN__DUPLICATE_METHOD_MATCH = YES;
				DEAD_CODE_STRIPPING = YES;
				ENABLE_STRICT_OBJC_MSGSEND = YES;
				GCC_NO_COMMON_BLOCKS = YES;
				GCC_WARN_64_TO_32_BIT_CONVERSION = YES;
				GCC_WARN_ABOUT_RETURN_TYPE = YES;
				GCC_WARN_UNDECLARED_SELECTOR = YES;
				GCC_WARN_UNINITIALIZED_AUTOS = YES;
				GCC_WARN_UNUSED_FUNCTION = YES;
				GCC_WARN_UNUSED_VARIABLE = YES;
			};
			name = Release;
		};
/* End XCBuildConfiguration section */

/* Begin XCConfigurationList section */
		7783C4D4291FC8B7006A3B4B /* Build configuration list for PBXProject "SwiftStudy" */ = {
			isa = XCConfigurationList;
			buildConfigurations = (
				7783C4D5291FC8B8006A3B4B /* Debug */,
				7783C4D6291FC8B8006A3B4B /* Release */,
			);
			defaultConfigurationIsVisible = 0;
			defaultConfigurationName = Release;
		};
/* End XCConfigurationList section */
	};
	rootObject = 7783C4D1291FC8B7006A3B4B /* Project object */;
}
