// !$*UTF8*$!
{
	archiveVersion = 1;
	classes = {
	};
	objectVersion = 56;
	objects = {

/* Begin PBXFileReference section */
		771F82E5292525EA007AEDC2 /* 02_ControlSyntax.playground */ = {isa = PBXFileReference; lastKnownFileType = file.playground; path = 02_ControlSyntax.playground; sourceTree = "<group>"; xcLanguageSpecificationIdentifier = xcode.lang.swift; };
		7737E52C292CF5F4008E53EE /* 03_fortune.swift */ = {isa = PBXFileReference; lastKnownFileType = sourcecode.swift; path = 03_fortune.swift; sourceTree = "<group>"; };
		7737E52E292CFED4008E53EE /* Rand.swift */ = {isa = PBXFileReference; lastKnownFileType = sourcecode.swift; path = Rand.swift; sourceTree = "<group>"; };
		7737E52F292D002B008E53EE /* Analyzer.swift */ = {isa = PBXFileReference; lastKnownFileType = sourcecode.swift; path = Analyzer.swift; sourceTree = "<group>"; };
		7737E530292D0200008E53EE /* main.swift */ = {isa = PBXFileReference; lastKnownFileType = sourcecode.swift; path = main.swift; sourceTree = "<group>"; };
		7783C4D8291FC948006A3B4B /* 01_DataTypeAndVariable.playground */ = {isa = PBXFileReference; lastKnownFileType = file.playground; path = 01_DataTypeAndVariable.playground; sourceTree = "<group>"; xcLanguageSpecificationIdentifier = xcode.lang.swift; };
		7784C357292FA7FC00ADEA8B /* 01_BasicFunction.playground */ = {isa = PBXFileReference; lastKnownFileType = file.playground; path = 01_BasicFunction.playground; sourceTree = "<group>"; xcLanguageSpecificationIdentifier = xcode.lang.swift; };
		77872DB32930FBAA006292A1 /* 02_VariousSetForFunc.playground */ = {isa = PBXFileReference; lastKnownFileType = file.playground; path = 02_VariousSetForFunc.playground; sourceTree = "<group>"; xcLanguageSpecificationIdentifier = xcode.lang.swift; };
/* End PBXFileReference section */

/* Begin PBXGroup section */
		7737E52D292CFD10008E53EE /* 03_easyWayToDoIt */ = {
			isa = PBXGroup;
			children = (
				7737E52C292CF5F4008E53EE /* 03_fortune.swift */,
				7737E52E292CFED4008E53EE /* Rand.swift */,
				7737E52F292D002B008E53EE /* Analyzer.swift */,
				7737E530292D0200008E53EE /* main.swift */,
			);
			path = 03_easyWayToDoIt;
			sourceTree = "<group>";
		};
		7783C4D0291FC8B7006A3B4B = {
			isa = PBXGroup;
			children = (
				7783C4D7291FC8CF006A3B4B /* 01_ProgrammingWithSwift */,
				7784C356292FA60500ADEA8B /* 02_Function */,
			);
			sourceTree = "<group>";
		};
		7783C4D7291FC8CF006A3B4B /* 01_ProgrammingWithSwift */ = {
			isa = PBXGroup;
			children = (
				7737E52D292CFD10008E53EE /* 03_easyWayToDoIt */,
				7783C4D8291FC948006A3B4B /* 01_DataTypeAndVariable.playground */,
				771F82E5292525EA007AEDC2 /* 02_ControlSyntax.playground */,
			);
			path = 01_ProgrammingWithSwift;
			sourceTree = "<group>";
		};
		7784C356292FA60500ADEA8B /* 02_Function */ = {
			isa = PBXGroup;
			children = (
				7784C357292FA7FC00ADEA8B /* 01_BasicFunction.playground */,
				77872DB32930FBAA006292A1 /* 02_VariousSetForFunc.playground */,
			);
			path = 02_Function;
			sourceTree = "<group>";
		};
/* End PBXGroup section */

/* Begin PBXProject section */
		7783C4D1291FC8B7006A3B4B /* Project object */ = {
			isa = PBXProject;
			attributes = {
				BuildIndependentTargetsInParallel = 1;
				LastUpgradeCheck = 1410;
			};
			buildConfigurationList = 7783C4D4291FC8B7006A3B4B /* Build configuration list for PBXProject "SwiftStudy" */;
			compatibilityVersion = "Xcode 14.0";
			developmentRegion = en;
			hasScannedForEncodings = 0;
			knownRegions = (
				en,
				Base,
			);
			mainGroup = 7783C4D0291FC8B7006A3B4B;
			projectDirPath = "";
			projectRoot = "";
			targets = (
			);
		};
/* End PBXProject section */

/* Begin XCBuildConfiguration section */
		7783C4D5291FC8B8006A3B4B /* Debug */ = {
			isa = XCBuildConfiguration;
			buildSettings = {
			};
			name = Debug;
		};
		7783C4D6291FC8B8006A3B4B /* Release */ = {
			isa = XCBuildConfiguration;
			buildSettings = {
			};
			name = Release;
		};
/* End XCBuildConfiguration section */

/* Begin XCConfigurationList section */
		7783C4D4291FC8B7006A3B4B /* Build configuration list for PBXProject "SwiftStudy" */ = {
			isa = XCConfigurationList;
			buildConfigurations = (
				7783C4D5291FC8B8006A3B4B /* Debug */,
				7783C4D6291FC8B8006A3B4B /* Release */,
			);
			defaultConfigurationIsVisible = 0;
			defaultConfigurationName = Release;
		};
/* End XCConfigurationList section */
	};
	rootObject = 7783C4D1291FC8B7006A3B4B /* Project object */;
}
