// !$*UTF8*$!
{
	archiveVersion = 1;
	classes = {
	};
	objectVersion = 56;
	objects = {

/* Begin PBXFileReference section */
		771F82E5292525EA007AEDC2 /* 02_ControlSyntax.playground */ = {isa = PBXFileReference; lastKnownFileType = file.playground; path = 02_ControlSyntax.playground; sourceTree = "<group>"; xcLanguageSpecificationIdentifier = xcode.lang.swift; };
		772F218229421F88005355FB /* 03_Property.playground */ = {isa = PBXFileReference; lastKnownFileType = file.playground; path = 03_Property.playground; sourceTree = "<group>"; xcLanguageSpecificationIdentifier = xcode.lang.swift; };
		7737E52C292CF5F4008E53EE /* 03_fortune.swift */ = {isa = PBXFileReference; lastKnownFileType = sourcecode.swift; path = 03_fortune.swift; sourceTree = "<group>"; };
		7737E52E292CFED4008E53EE /* Rand.swift */ = {isa = PBXFileReference; lastKnownFileType = sourcecode.swift; path = Rand.swift; sourceTree = "<group>"; };
		7737E52F292D002B008E53EE /* Analyzer.swift */ = {isa = PBXFileReference; lastKnownFileType = sourcecode.swift; path = Analyzer.swift; sourceTree = "<group>"; };
		7737E530292D0200008E53EE /* main.swift */ = {isa = PBXFileReference; lastKnownFileType = sourcecode.swift; path = main.swift; sourceTree = "<group>"; };
		773CAA8429339F9F000855F0 /* 03_OverLoad.playground */ = {isa = PBXFileReference; lastKnownFileType = file.playground; path = 03_OverLoad.playground; sourceTree = "<group>"; xcLanguageSpecificationIdentifier = xcode.lang.swift; };
		776689972965BEB40009D45E /* 03_IUO.playground */ = {isa = PBXFileReference; lastKnownFileType = file.playground; path = 03_IUO.playground; sourceTree = "<group>"; xcLanguageSpecificationIdentifier = xcode.lang.swift; };
		7783C4D8291FC948006A3B4B /* 01_DataTypeAndVariable.playground */ = {isa = PBXFileReference; lastKnownFileType = file.playground; path = 01_DataTypeAndVariable.playground; sourceTree = "<group>"; xcLanguageSpecificationIdentifier = xcode.lang.swift; };
		7784C357292FA7FC00ADEA8B /* 01_BasicFunction.playground */ = {isa = PBXFileReference; lastKnownFileType = file.playground; path = 01_BasicFunction.playground; sourceTree = "<group>"; xcLanguageSpecificationIdentifier = xcode.lang.swift; };
		7786651C296ADFE8005E0236 /* 04_FailableInitializer.playground */ = {isa = PBXFileReference; lastKnownFileType = file.playground; path = 04_FailableInitializer.playground; sourceTree = "<group>"; xcLanguageSpecificationIdentifier = xcode.lang.swift; };
		7786651F296AFA35005E0236 /* 01_WhatIsProtocol.playground */ = {isa = PBXFileReference; lastKnownFileType = file.playground; path = 01_WhatIsProtocol.playground; sourceTree = "<group>"; xcLanguageSpecificationIdentifier = xcode.lang.swift; };
		7786652729739E4F005E0236 /* 02_Declare.playground */ = {isa = PBXFileReference; lastKnownFileType = file.playground; path = 02_Declare.playground; sourceTree = "<group>"; xcLanguageSpecificationIdentifier = xcode.lang.swift; };
		77866528297965C4005E0236 /* 03_AssociatedType.playground */ = {isa = PBXFileReference; lastKnownFileType = file.playground; path = 03_AssociatedType.playground; sourceTree = "<group>"; xcLanguageSpecificationIdentifier = xcode.lang.swift; };
		77872DB32930FBAA006292A1 /* 02_VariousSetForFunc.playground */ = {isa = PBXFileReference; lastKnownFileType = file.playground; path = 02_VariousSetForFunc.playground; sourceTree = "<group>"; xcLanguageSpecificationIdentifier = xcode.lang.swift; };
		778C1C002934C9300004AE28 /* 04_Tuple.playground */ = {isa = PBXFileReference; lastKnownFileType = file.playground; path = 04_Tuple.playground; sourceTree = "<group>"; xcLanguageSpecificationIdentifier = xcode.lang.swift; };
		779340BA29532F3A00B14353 /* 04_Subscript.playground */ = {isa = PBXFileReference; lastKnownFileType = file.playground; path = 04_Subscript.playground; sourceTree = "<group>"; xcLanguageSpecificationIdentifier = xcode.lang.swift; };
		779F275329548EFD00DF51A3 /* 01_Optional.playground */ = {isa = PBXFileReference; lastKnownFileType = file.playground; path = 01_Optional.playground; sourceTree = "<group>"; xcLanguageSpecificationIdentifier = xcode.lang.swift; };
		779F27542958670800DF51A3 /* 02_OptionalBinding.playground */ = {isa = PBXFileReference; lastKnownFileType = file.playground; path = 02_OptionalBinding.playground; sourceTree = "<group>"; xcLanguageSpecificationIdentifier = xcode.lang.swift; };
		77B6C4EA2940AB98000201CE /* 02_Method.playground */ = {isa = PBXFileReference; lastKnownFileType = file.playground; path = 02_Method.playground; sourceTree = "<group>"; xcLanguageSpecificationIdentifier = xcode.lang.swift; };
		77C1B78A2936404700097EC2 /* 01_StructureDefinition.playground */ = {isa = PBXFileReference; lastKnownFileType = file.playground; path = 01_StructureDefinition.playground; sourceTree = "<group>"; xcLanguageSpecificationIdentifier = xcode.lang.swift; };
/* End PBXFileReference section */

/* Begin PBXGroup section */
		7737E52D292CFD10008E53EE /* 03_easyWayToDoIt */ = {
			isa = PBXGroup;
			children = (
				7737E52C292CF5F4008E53EE /* 03_fortune.swift */,
				7737E52E292CFED4008E53EE /* Rand.swift */,
				7737E52F292D002B008E53EE /* Analyzer.swift */,
				7737E530292D0200008E53EE /* main.swift */,
			);
			path = 03_easyWayToDoIt;
			sourceTree = "<group>";
		};
		7783C4D0291FC8B7006A3B4B = {
			isa = PBXGroup;
			children = (
				7783C4D7291FC8CF006A3B4B /* 01_ProgrammingWithSwift */,
				7784C356292FA60500ADEA8B /* 02_Function */,
				77C1B78929363F8300097EC2 /* 03_Structure */,
				779F275229548E3B00DF51A3 /* 04_TypeOptional */,
				7786651D296AF5CD005E0236 /* 05_Protocol */,
			);
			sourceTree = "<group>";
		};
		7783C4D7291FC8CF006A3B4B /* 01_ProgrammingWithSwift */ = {
			isa = PBXGroup;
			children = (
				7783C4D8291FC948006A3B4B /* 01_DataTypeAndVariable.playground */,
				771F82E5292525EA007AEDC2 /* 02_ControlSyntax.playground */,
				7737E52D292CFD10008E53EE /* 03_easyWayToDoIt */,
			);
			path = 01_ProgrammingWithSwift;
			sourceTree = "<group>";
		};
		7784C356292FA60500ADEA8B /* 02_Function */ = {
			isa = PBXGroup;
			children = (
				7784C357292FA7FC00ADEA8B /* 01_BasicFunction.playground */,
				77872DB32930FBAA006292A1 /* 02_VariousSetForFunc.playground */,
				773CAA8429339F9F000855F0 /* 03_OverLoad.playground */,
				778C1C002934C9300004AE28 /* 04_Tuple.playground */,
			);
			path = 02_Function;
			sourceTree = "<group>";
		};
		7786651D296AF5CD005E0236 /* 05_Protocol */ = {
			isa = PBXGroup;
			children = (
				7786651F296AFA35005E0236 /* 01_WhatIsProtocol.playground */,
				7786652729739E4F005E0236 /* 02_Declare.playground */,
				77866528297965C4005E0236 /* 03_AssociatedType.playground */,
			);
			path = 05_Protocol;
			sourceTree = "<group>";
		};
		779F275229548E3B00DF51A3 /* 04_TypeOptional */ = {
			isa = PBXGroup;
			children = (
				779F275329548EFD00DF51A3 /* 01_Optional.playground */,
				779F27542958670800DF51A3 /* 02_OptionalBinding.playground */,
				776689972965BEB40009D45E /* 03_IUO.playground */,
				7786651C296ADFE8005E0236 /* 04_FailableInitializer.playground */,
			);
			path = 04_TypeOptional;
			sourceTree = "<group>";
		};
		77C1B78929363F8300097EC2 /* 03_Structure */ = {
			isa = PBXGroup;
			children = (
				77C1B78A2936404700097EC2 /* 01_StructureDefinition.playground */,
				77B6C4EA2940AB98000201CE /* 02_Method.playground */,
				772F218229421F88005355FB /* 03_Property.playground */,
				779340BA29532F3A00B14353 /* 04_Subscript.playground */,
			);
			path = 03_Structure;
			sourceTree = "<group>";
		};
/* End PBXGroup section */

/* Begin PBXProject section */
		7783C4D1291FC8B7006A3B4B /* Project object */ = {
			isa = PBXProject;
			attributes = {
				BuildIndependentTargetsInParallel = 1;
				LastUpgradeCheck = 1420;
			};
			buildConfigurationList = 7783C4D4291FC8B7006A3B4B /* Build configuration list for PBXProject "SwiftStudy" */;
			compatibilityVersion = "Xcode 14.0";
			developmentRegion = en;
			hasScannedForEncodings = 0;
			knownRegions = (
				en,
				Base,
			);
			mainGroup = 7783C4D0291FC8B7006A3B4B;
			projectDirPath = "";
			projectRoot = "";
			targets = (
			);
		};
/* End PBXProject section */

/* Begin XCBuildConfiguration section */
		7783C4D5291FC8B8006A3B4B /* Debug */ = {
			isa = XCBuildConfiguration;
			buildSettings = {
				CLANG_WARN_BLOCK_CAPTURE_AUTORELEASING = YES;
				CLANG_WARN_BOOL_CONVERSION = YES;
				CLANG_WARN_COMMA = YES;
				CLANG_WARN_CONSTANT_CONVERSION = YES;
				CLANG_WARN_DEPRECATED_OBJC_IMPLEMENTATIONS = YES;
				CLANG_WARN_EMPTY_BODY = YES;
				CLANG_WARN_ENUM_CONVERSION = YES;
				CLANG_WARN_INFINITE_RECURSION = YES;
				CLANG_WARN_INT_CONVERSION = YES;
				CLANG_WARN_NON_LITERAL_NULL_CONVERSION = YES;
				CLANG_WARN_OBJC_IMPLICIT_RETAIN_SELF = YES;
				CLANG_WARN_OBJC_LITERAL_CONVERSION = YES;
				CLANG_WARN_QUOTED_INCLUDE_IN_FRAMEWORK_HEADER = YES;
				CLANG_WARN_RANGE_LOOP_ANALYSIS = YES;
				CLANG_WARN_STRICT_PROTOTYPES = YES;
				CLANG_WARN_SUSPICIOUS_MOVE = YES;
				CLANG_WARN_UNREACHABLE_CODE = YES;
				CLANG_WARN__DUPLICATE_METHOD_MATCH = YES;
				DEAD_CODE_STRIPPING = YES;
				ENABLE_STRICT_OBJC_MSGSEND = YES;
				ENABLE_TESTABILITY = YES;
				GCC_NO_COMMON_BLOCKS = YES;
				GCC_WARN_64_TO_32_BIT_CONVERSION = YES;
				GCC_WARN_ABOUT_RETURN_TYPE = YES;
				GCC_WARN_UNDECLARED_SELECTOR = YES;
				GCC_WARN_UNINITIALIZED_AUTOS = YES;
				GCC_WARN_UNUSED_FUNCTION = YES;
				GCC_WARN_UNUSED_VARIABLE = YES;
				ONLY_ACTIVE_ARCH = YES;
			};
			name = Debug;
		};
		7783C4D6291FC8B8006A3B4B /* Release */ = {
			isa = XCBuildConfiguration;
			buildSettings = {
				CLANG_WARN_BLOCK_CAPTURE_AUTORELEASING = YES;
				CLANG_WARN_BOOL_CONVERSION = YES;
				CLANG_WARN_COMMA = YES;
				CLANG_WARN_CONSTANT_CONVERSION = YES;
				CLANG_WARN_DEPRECATED_OBJC_IMPLEMENTATIONS = YES;
				CLANG_WARN_EMPTY_BODY = YES;
				CLANG_WARN_ENUM_CONVERSION = YES;
				CLANG_WARN_INFINITE_RECURSION = YES;
				CLANG_WARN_INT_CONVERSION = YES;
				CLANG_WARN_NON_LITERAL_NULL_CONVERSION = YES;
				CLANG_WARN_OBJC_IMPLICIT_RETAIN_SELF = YES;
				CLANG_WARN_OBJC_LITERAL_CONVERSION = YES;
				CLANG_WARN_QUOTED_INCLUDE_IN_FRAMEWORK_HEADER = YES;
				CLANG_WARN_RANGE_LOOP_ANALYSIS = YES;
				CLANG_WARN_STRICT_PROTOTYPES = YES;
				CLANG_WARN_SUSPICIOUS_MOVE = YES;
				CLANG_WARN_UNREACHABLE_CODE = YES;
				CLANG_WARN__DUPLICATE_METHOD_MATCH = YES;
				DEAD_CODE_STRIPPING = YES;
				ENABLE_STRICT_OBJC_MSGSEND = YES;
				GCC_NO_COMMON_BLOCKS = YES;
				GCC_WARN_64_TO_32_BIT_CONVERSION = YES;
				GCC_WARN_ABOUT_RETURN_TYPE = YES;
				GCC_WARN_UNDECLARED_SELECTOR = YES;
				GCC_WARN_UNINITIALIZED_AUTOS = YES;
				GCC_WARN_UNUSED_FUNCTION = YES;
				GCC_WARN_UNUSED_VARIABLE = YES;
			};
			name = Release;
		};
/* End XCBuildConfiguration section */

/* Begin XCConfigurationList section */
		7783C4D4291FC8B7006A3B4B /* Build configuration list for PBXProject "SwiftStudy" */ = {
			isa = XCConfigurationList;
			buildConfigurations = (
				7783C4D5291FC8B8006A3B4B /* Debug */,
				7783C4D6291FC8B8006A3B4B /* Release */,
			);
			defaultConfigurationIsVisible = 0;
			defaultConfigurationName = Release;
		};
/* End XCConfigurationList section */
	};
	rootObject = 7783C4D1291FC8B7006A3B4B /* Project object */;
}
